// !$*UTF8*$!
{
	archiveVersion = 1;
	classes = {
	};
	objectVersion = 56;
	objects = {

/* Begin PBXBuildFile section */
		E3EE243070B41780727E9E7F /* Pods_scrum.framework in Frameworks */ = {isa = PBXBuildFile; fileRef = 686605922CD605224C220E4C /* Pods_scrum.framework */; };
		E48E97162A2B892800A55FFF /* ShowEventViewController.swift in Sources */ = {isa = PBXBuildFile; fileRef = E48E97152A2B892700A55FFF /* ShowEventViewController.swift */; };
		E4F1BEA22A27D6770083FC59 /* CalendarViewController.swift in Sources */ = {isa = PBXBuildFile; fileRef = E4F1BEA12A27D6770083FC59 /* CalendarViewController.swift */; };
		E4F1BEA42A27D6880083FC59 /* EventViewController.swift in Sources */ = {isa = PBXBuildFile; fileRef = E4F1BEA32A27D6880083FC59 /* EventViewController.swift */; };
		E4FFF2422A26518500EDC599 /* AppDelegate.swift in Sources */ = {isa = PBXBuildFile; fileRef = E4FFF2412A26518500EDC599 /* AppDelegate.swift */; };
		E4FFF2442A26518500EDC599 /* SceneDelegate.swift in Sources */ = {isa = PBXBuildFile; fileRef = E4FFF2432A26518500EDC599 /* SceneDelegate.swift */; };
		E4FFF2462A26518500EDC599 /* ViewController.swift in Sources */ = {isa = PBXBuildFile; fileRef = E4FFF2452A26518500EDC599 /* ViewController.swift */; };
		E4FFF2492A26518500EDC599 /* Main.storyboard in Resources */ = {isa = PBXBuildFile; fileRef = E4FFF2472A26518500EDC599 /* Main.storyboard */; };
		E4FFF24B2A26518700EDC599 /* Assets.xcassets in Resources */ = {isa = PBXBuildFile; fileRef = E4FFF24A2A26518700EDC599 /* Assets.xcassets */; };
		E4FFF24E2A26518700EDC599 /* LaunchScreen.storyboard in Resources */ = {isa = PBXBuildFile; fileRef = E4FFF24C2A26518700EDC599 /* LaunchScreen.storyboard */; };
		E4FFF2562A265E4200EDC599 /* SingUpVC.swift in Sources */ = {isa = PBXBuildFile; fileRef = E4FFF2552A265E4200EDC599 /* SingUpVC.swift */; };
/* End PBXBuildFile section */

/* Begin PBXFileReference section */
		287445A4EFE64E0D638926C8 /* Pods-scrum.release.xcconfig */ = {isa = PBXFileReference; includeInIndex = 1; lastKnownFileType = text.xcconfig; name = "Pods-scrum.release.xcconfig"; path = "Target Support Files/Pods-scrum/Pods-scrum.release.xcconfig"; sourceTree = "<group>"; };
		686605922CD605224C220E4C /* Pods_scrum.framework */ = {isa = PBXFileReference; explicitFileType = wrapper.framework; includeInIndex = 0; path = Pods_scrum.framework; sourceTree = BUILT_PRODUCTS_DIR; };
		8A1FB6FEAE691BD1E84F1476 /* Pods-scrum.debug.xcconfig */ = {isa = PBXFileReference; includeInIndex = 1; lastKnownFileType = text.xcconfig; name = "Pods-scrum.debug.xcconfig"; path = "Target Support Files/Pods-scrum/Pods-scrum.debug.xcconfig"; sourceTree = "<group>"; };
		E48E97152A2B892700A55FFF /* ShowEventViewController.swift */ = {isa = PBXFileReference; lastKnownFileType = sourcecode.swift; path = ShowEventViewController.swift; sourceTree = "<group>"; };
		E4F1BEA12A27D6770083FC59 /* CalendarViewController.swift */ = {isa = PBXFileReference; lastKnownFileType = sourcecode.swift; path = CalendarViewController.swift; sourceTree = "<group>"; };
		E4F1BEA32A27D6880083FC59 /* EventViewController.swift */ = {isa = PBXFileReference; lastKnownFileType = sourcecode.swift; path = EventViewController.swift; sourceTree = "<group>"; };
		E4FFF23E2A26518500EDC599 /* scrum.app */ = {isa = PBXFileReference; explicitFileType = wrapper.application; includeInIndex = 0; path = scrum.app; sourceTree = BUILT_PRODUCTS_DIR; };
		E4FFF2412A26518500EDC599 /* AppDelegate.swift */ = {isa = PBXFileReference; lastKnownFileType = sourcecode.swift; path = AppDelegate.swift; sourceTree = "<group>"; };
		E4FFF2432A26518500EDC599 /* SceneDelegate.swift */ = {isa = PBXFileReference; lastKnownFileType = sourcecode.swift; path = SceneDelegate.swift; sourceTree = "<group>"; };
		E4FFF2452A26518500EDC599 /* ViewController.swift */ = {isa = PBXFileReference; lastKnownFileType = sourcecode.swift; path = ViewController.swift; sourceTree = "<group>"; };
		E4FFF2482A26518500EDC599 /* Base */ = {isa = PBXFileReference; lastKnownFileType = file.storyboard; name = Base; path = Base.lproj/Main.storyboard; sourceTree = "<group>"; };
		E4FFF24A2A26518700EDC599 /* Assets.xcassets */ = {isa = PBXFileReference; lastKnownFileType = folder.assetcatalog; path = Assets.xcassets; sourceTree = "<group>"; };
		E4FFF24D2A26518700EDC599 /* Base */ = {isa = PBXFileReference; lastKnownFileType = file.storyboard; name = Base; path = Base.lproj/LaunchScreen.storyboard; sourceTree = "<group>"; };
		E4FFF24F2A26518700EDC599 /* Info.plist */ = {isa = PBXFileReference; lastKnownFileType = text.plist.xml; path = Info.plist; sourceTree = "<group>"; };
		E4FFF2552A265E4200EDC599 /* SingUpVC.swift */ = {isa = PBXFileReference; lastKnownFileType = sourcecode.swift; path = SingUpVC.swift; sourceTree = "<group>"; };
/* End PBXFileReference section */

/* Begin PBXFrameworksBuildPhase section */
		E4FFF23B2A26518500EDC599 /* Frameworks */ = {
			isa = PBXFrameworksBuildPhase;
			buildActionMask = 2147483647;
			files = (
				E3EE243070B41780727E9E7F /* Pods_scrum.framework in Frameworks */,
			);
			runOnlyForDeploymentPostprocessing = 0;
		};
/* End PBXFrameworksBuildPhase section */

/* Begin PBXGroup section */
		0EFE548DF9648A297B27C6E9 /* Frameworks */ = {
			isa = PBXGroup;
			children = (
				686605922CD605224C220E4C /* Pods_scrum.framework */,
			);
			name = Frameworks;
			sourceTree = "<group>";
		};
		E4FFF2352A26518500EDC599 = {
			isa = PBXGroup;
			children = (
				E4FFF2402A26518500EDC599 /* scrum */,
				E4FFF23F2A26518500EDC599 /* Products */,
				EADEAC34931F6F28A5CADC50 /* Pods */,
				0EFE548DF9648A297B27C6E9 /* Frameworks */,
			);
			sourceTree = "<group>";
		};
		E4FFF23F2A26518500EDC599 /* Products */ = {
			isa = PBXGroup;
			children = (
				E4FFF23E2A26518500EDC599 /* scrum.app */,
			);
			name = Products;
			sourceTree = "<group>";
		};
		E4FFF2402A26518500EDC599 /* scrum */ = {
			isa = PBXGroup;
			children = (
				E4FFF2412A26518500EDC599 /* AppDelegate.swift */,
				E4FFF2432A26518500EDC599 /* SceneDelegate.swift */,
				E4FFF2452A26518500EDC599 /* ViewController.swift */,
				E4FFF2472A26518500EDC599 /* Main.storyboard */,
				E48E97152A2B892700A55FFF /* ShowEventViewController.swift */,
				E4F1BEA12A27D6770083FC59 /* CalendarViewController.swift */,
				E4F1BEA32A27D6880083FC59 /* EventViewController.swift */,
				E4FFF24A2A26518700EDC599 /* Assets.xcassets */,
				E4FFF24C2A26518700EDC599 /* LaunchScreen.storyboard */,
				E4FFF24F2A26518700EDC599 /* Info.plist */,
				E4FFF2552A265E4200EDC599 /* SingUpVC.swift */,
			);
			path = scrum;
			sourceTree = "<group>";
		};
		EADEAC34931F6F28A5CADC50 /* Pods */ = {
			isa = PBXGroup;
			children = (
				8A1FB6FEAE691BD1E84F1476 /* Pods-scrum.debug.xcconfig */,
				287445A4EFE64E0D638926C8 /* Pods-scrum.release.xcconfig */,
			);
			path = Pods;
			sourceTree = "<group>";
		};
/* End PBXGroup section */

/* Begin PBXNativeTarget section */
		E4FFF23D2A26518500EDC599 /* scrum */ = {
			isa = PBXNativeTarget;
			buildConfigurationList = E4FFF2522A26518700EDC599 /* Build configuration list for PBXNativeTarget "scrum" */;
			buildPhases = (
				8627C5AF8D25E43597A5B676 /* [CP] Check Pods Manifest.lock */,
				E4FFF23A2A26518500EDC599 /* Sources */,
				E4FFF23B2A26518500EDC599 /* Frameworks */,
				E4FFF23C2A26518500EDC599 /* Resources */,
				A33B53A8765847A1F3AC3EBD /* [CP] Embed Pods Frameworks */,
			);
			buildRules = (
			);
			dependencies = (
			);
			name = scrum;
			productName = scrum;
			productReference = E4FFF23E2A26518500EDC599 /* scrum.app */;
			productType = "com.apple.product-type.application";
		};
/* End PBXNativeTarget section */

/* Begin PBXProject section */
		E4FFF2362A26518500EDC599 /* Project object */ = {
			isa = PBXProject;
			attributes = {
				BuildIndependentTargetsInParallel = 1;
				LastSwiftUpdateCheck = 1430;
				LastUpgradeCheck = 1430;
				TargetAttributes = {
					E4FFF23D2A26518500EDC599 = {
						CreatedOnToolsVersion = 14.3;
					};
				};
			};
			buildConfigurationList = E4FFF2392A26518500EDC599 /* Build configuration list for PBXProject "scrum" */;
			compatibilityVersion = "Xcode 14.0";
			developmentRegion = en;
			hasScannedForEncodings = 0;
			knownRegions = (
				en,
				Base,
			);
			mainGroup = E4FFF2352A26518500EDC599;
			productRefGroup = E4FFF23F2A26518500EDC599 /* Products */;
			projectDirPath = "";
			projectRoot = "";
			targets = (
				E4FFF23D2A26518500EDC599 /* scrum */,
			);
		};
/* End PBXProject section */

/* Begin PBXResourcesBuildPhase section */
		E4FFF23C2A26518500EDC599 /* Resources */ = {
			isa = PBXResourcesBuildPhase;
			buildActionMask = 2147483647;
			files = (
				E4FFF24E2A26518700EDC599 /* LaunchScreen.storyboard in Resources */,
				E4FFF24B2A26518700EDC599 /* Assets.xcassets in Resources */,
				E4FFF2492A26518500EDC599 /* Main.storyboard in Resources */,
			);
			runOnlyForDeploymentPostprocessing = 0;
		};
/* End PBXResourcesBuildPhase section */

/* Begin PBXShellScriptBuildPhase section */
		8627C5AF8D25E43597A5B676 /* [CP] Check Pods Manifest.lock */ = {
			isa = PBXShellScriptBuildPhase;
			buildActionMask = 2147483647;
			files = (
			);
			inputFileListPaths = (
			);
			inputPaths = (
				"${PODS_PODFILE_DIR_PATH}/Podfile.lock",
				"${PODS_ROOT}/Manifest.lock",
			);
			name = "[CP] Check Pods Manifest.lock";
			outputFileListPaths = (
			);
			outputPaths = (
				"$(DERIVED_FILE_DIR)/Pods-scrum-checkManifestLockResult.txt",
			);
			runOnlyForDeploymentPostprocessing = 0;
			shellPath = /bin/sh;
			shellScript = "diff \"${PODS_PODFILE_DIR_PATH}/Podfile.lock\" \"${PODS_ROOT}/Manifest.lock\" > /dev/null\nif [ $? != 0 ] ; then\n    # print error to STDERR\n    echo \"error: The sandbox is not in sync with the Podfile.lock. Run 'pod install' or update your CocoaPods installation.\" >&2\n    exit 1\nfi\n# This output is used by Xcode 'outputs' to avoid re-running this script phase.\necho \"SUCCESS\" > \"${SCRIPT_OUTPUT_FILE_0}\"\n";
			showEnvVarsInLog = 0;
		};
		A33B53A8765847A1F3AC3EBD /* [CP] Embed Pods Frameworks */ = {
			isa = PBXShellScriptBuildPhase;
			buildActionMask = 2147483647;
			files = (
			);
			inputFileListPaths = (
				"${PODS_ROOT}/Target Support Files/Pods-scrum/Pods-scrum-frameworks-${CONFIGURATION}-input-files.xcfilelist",
			);
			name = "[CP] Embed Pods Frameworks";
			outputFileListPaths = (
				"${PODS_ROOT}/Target Support Files/Pods-scrum/Pods-scrum-frameworks-${CONFIGURATION}-output-files.xcfilelist",
			);
			runOnlyForDeploymentPostprocessing = 0;
			shellPath = /bin/sh;
			shellScript = "\"${PODS_ROOT}/Target Support Files/Pods-scrum/Pods-scrum-frameworks.sh\"\n";
			showEnvVarsInLog = 0;
		};
/* End PBXShellScriptBuildPhase section */

/* Begin PBXSourcesBuildPhase section */
		E4FFF23A2A26518500EDC599 /* Sources */ = {
			isa = PBXSourcesBuildPhase;
			buildActionMask = 2147483647;
			files = (
				E4F1BEA22A27D6770083FC59 /* CalendarViewController.swift in Sources */,
				E4FFF2562A265E4200EDC599 /* SingUpVC.swift in Sources */,
				E4FFF2462A26518500EDC599 /* ViewController.swift in Sources */,
				E4FFF2422A26518500EDC599 /* AppDelegate.swift in Sources */,
				E4FFF2442A26518500EDC599 /* SceneDelegate.swift in Sources */,
				E4F1BEA42A27D6880083FC59 /* EventViewController.swift in Sources */,
				E48E97162A2B892800A55FFF /* ShowEventViewController.swift in Sources */,
			);
			runOnlyForDeploymentPostprocessing = 0;
		};
/* End PBXSourcesBuildPhase section */

/* Begin PBXVariantGroup section */
		E4FFF2472A26518500EDC599 /* Main.storyboard */ = {
			isa = PBXVariantGroup;
			children = (
				E4FFF2482A26518500EDC599 /* Base */,
			);
			name = Main.storyboard;
			sourceTree = "<group>";
		};
		E4FFF24C2A26518700EDC599 /* LaunchScreen.storyboard */ = {
			isa = PBXVariantGroup;
			children = (
				E4FFF24D2A26518700EDC599 /* Base */,
			);
			name = LaunchScreen.storyboard;
			sourceTree = "<group>";
		};
/* End PBXVariantGroup section */

/* Begin XCBuildConfiguration section */
		E4FFF2502A26518700EDC599 /* Debug */ = {
			isa = XCBuildConfiguration;
			buildSettings = {
				ALWAYS_SEARCH_USER_PATHS = NO;
				CLANG_ANALYZER_NONNULL = YES;
				CLANG_ANALYZER_NUMBER_OBJECT_CONVERSION = YES_AGGRESSIVE;
				CLANG_CXX_LANGUAGE_STANDARD = "gnu++20";
				CLANG_ENABLE_MODULES = YES;
				CLANG_ENABLE_OBJC_ARC = YES;
				CLANG_ENABLE_OBJC_WEAK = YES;
				CLANG_WARN_BLOCK_CAPTURE_AUTORELEASING = YES;
				CLANG_WARN_BOOL_CONVERSION = YES;
				CLANG_WARN_COMMA = YES;
				CLANG_WARN_CONSTANT_CONVERSION = YES;
				CLANG_WARN_DEPRECATED_OBJC_IMPLEMENTATIONS = YES;
				CLANG_WARN_DIRECT_OBJC_ISA_USAGE = YES_ERROR;
				CLANG_WARN_DOCUMENTATION_COMMENTS = YES;
				CLANG_WARN_EMPTY_BODY = YES;
				CLANG_WARN_ENUM_CONVERSION = YES;
				CLANG_WARN_INFINITE_RECURSION = YES;
				CLANG_WARN_INT_CONVERSION = YES;
				CLANG_WARN_NON_LITERAL_NULL_CONVERSION = YES;
				CLANG_WARN_OBJC_IMPLICIT_RETAIN_SELF = YES;
				CLANG_WARN_OBJC_LITERAL_CONVERSION = YES;
				CLANG_WARN_OBJC_ROOT_CLASS = YES_ERROR;
				CLANG_WARN_QUOTED_INCLUDE_IN_FRAMEWORK_HEADER = YES;
				CLANG_WARN_RANGE_LOOP_ANALYSIS = YES;
				CLANG_WARN_STRICT_PROTOTYPES = YES;
				CLANG_WARN_SUSPICIOUS_MOVE = YES;
				CLANG_WARN_UNGUARDED_AVAILABILITY = YES_AGGRESSIVE;
				CLANG_WARN_UNREACHABLE_CODE = YES;
				CLANG_WARN__DUPLICATE_METHOD_MATCH = YES;
				COPY_PHASE_STRIP = NO;
				DEBUG_INFORMATION_FORMAT = dwarf;
				ENABLE_STRICT_OBJC_MSGSEND = YES;
				ENABLE_TESTABILITY = YES;
				GCC_C_LANGUAGE_STANDARD = gnu11;
				GCC_DYNAMIC_NO_PIC = NO;
				GCC_NO_COMMON_BLOCKS = YES;
				GCC_OPTIMIZATION_LEVEL = 0;
				GCC_PREPROCESSOR_DEFINITIONS = (
					"DEBUG=1",
					"$(inherited)",
				);
				GCC_WARN_64_TO_32_BIT_CONVERSION = YES;
				GCC_WARN_ABOUT_RETURN_TYPE = YES_ERROR;
				GCC_WARN_UNDECLARED_SELECTOR = YES;
				GCC_WARN_UNINITIALIZED_AUTOS = YES_AGGRESSIVE;
				GCC_WARN_UNUSED_FUNCTION = YES;
				GCC_WARN_UNUSED_VARIABLE = YES;
				IPHONEOS_DEPLOYMENT_TARGET = 16.4;
				MTL_ENABLE_DEBUG_INFO = INCLUDE_SOURCE;
				MTL_FAST_MATH = YES;
				ONLY_ACTIVE_ARCH = YES;
				SDKROOT = iphoneos;
				SWIFT_ACTIVE_COMPILATION_CONDITIONS = DEBUG;
				SWIFT_OPTIMIZATION_LEVEL = "-Onone";
			};
			name = Debug;
		};
		E4FFF2512A26518700EDC599 /* Release */ = {
			isa = XCBuildConfiguration;
			buildSettings = {
				ALWAYS_SEARCH_USER_PATHS = NO;
				CLANG_ANALYZER_NONNULL = YES;
				CLANG_ANALYZER_NUMBER_OBJECT_CONVERSION = YES_AGGRESSIVE;
				CLANG_CXX_LANGUAGE_STANDARD = "gnu++20";
				CLANG_ENABLE_MODULES = YES;
				CLANG_ENABLE_OBJC_ARC = YES;
				CLANG_ENABLE_OBJC_WEAK = YES;
				CLANG_WARN_BLOCK_CAPTURE_AUTORELEASING = YES;
				CLANG_WARN_BOOL_CONVERSION = YES;
				CLANG_WARN_COMMA = YES;
				CLANG_WARN_CONSTANT_CONVERSION = YES;
				CLANG_WARN_DEPRECATED_OBJC_IMPLEMENTATIONS = YES;
				CLANG_WARN_DIRECT_OBJC_ISA_USAGE = YES_ERROR;
				CLANG_WARN_DOCUMENTATION_COMMENTS = YES;
				CLANG_WARN_EMPTY_BODY = YES;
				CLANG_WARN_ENUM_CONVERSION = YES;
				CLANG_WARN_INFINITE_RECURSION = YES;
				CLANG_WARN_INT_CONVERSION = YES;
				CLANG_WARN_NON_LITERAL_NULL_CONVERSION = YES;
				CLANG_WARN_OBJC_IMPLICIT_RETAIN_SELF = YES;
				CLANG_WARN_OBJC_LITERAL_CONVERSION = YES;
				CLANG_WARN_OBJC_ROOT_CLASS = YES_ERROR;
				CLANG_WARN_QUOTED_INCLUDE_IN_FRAMEWORK_HEADER = YES;
				CLANG_WARN_RANGE_LOOP_ANALYSIS = YES;
				CLANG_WARN_STRICT_PROTOTYPES = YES;
				CLANG_WARN_SUSPICIOUS_MOVE = YES;
				CLANG_WARN_UNGUARDED_AVAILABILITY = YES_AGGRESSIVE;
				CLANG_WARN_UNREACHABLE_CODE = YES;
				CLANG_WARN__DUPLICATE_METHOD_MATCH = YES;
				COPY_PHASE_STRIP = NO;
				DEBUG_INFORMATION_FORMAT = "dwarf-with-dsym";
				ENABLE_NS_ASSERTIONS = NO;
				ENABLE_STRICT_OBJC_MSGSEND = YES;
				GCC_C_LANGUAGE_STANDARD = gnu11;
				GCC_NO_COMMON_BLOCKS = YES;
				GCC_WARN_64_TO_32_BIT_CONVERSION = YES;
				GCC_WARN_ABOUT_RETURN_TYPE = YES_ERROR;
				GCC_WARN_UNDECLARED_SELECTOR = YES;
				GCC_WARN_UNINITIALIZED_AUTOS = YES_AGGRESSIVE;
				GCC_WARN_UNUSED_FUNCTION = YES;
				GCC_WARN_UNUSED_VARIABLE = YES;
				IPHONEOS_DEPLOYMENT_TARGET = 16.4;
				MTL_ENABLE_DEBUG_INFO = NO;
				MTL_FAST_MATH = YES;
				SDKROOT = iphoneos;
				SWIFT_COMPILATION_MODE = wholemodule;
				SWIFT_OPTIMIZATION_LEVEL = "-O";
				VALIDATE_PRODUCT = YES;
			};
			name = Release;
		};
		E4FFF2532A26518700EDC599 /* Debug */ = {
			isa = XCBuildConfiguration;
			baseConfigurationReference = 8A1FB6FEAE691BD1E84F1476 /* Pods-scrum.debug.xcconfig */;
			buildSettings = {
				ASSETCATALOG_COMPILER_APPICON_NAME = AppIcon;
				ASSETCATALOG_COMPILER_GLOBAL_ACCENT_COLOR_NAME = AccentColor;
				CODE_SIGN_STYLE = Automatic;
				CURRENT_PROJECT_VERSION = 1;
				DEVELOPMENT_TEAM = 23766BZUS5;
				GENERATE_INFOPLIST_FILE = YES;
				INFOPLIST_FILE = scrum/Info.plist;
				INFOPLIST_KEY_UIApplicationSupportsIndirectInputEvents = YES;
				INFOPLIST_KEY_UILaunchStoryboardName = LaunchScreen;
				INFOPLIST_KEY_UIMainStoryboardFile = Main;
				INFOPLIST_KEY_UISupportedInterfaceOrientations_iPad = "UIInterfaceOrientationPortrait UIInterfaceOrientationPortraitUpsideDown UIInterfaceOrientationLandscapeLeft UIInterfaceOrientationLandscapeRight";
				INFOPLIST_KEY_UISupportedInterfaceOrientations_iPhone = "UIInterfaceOrientationPortrait UIInterfaceOrientationLandscapeLeft UIInterfaceOrientationLandscapeRight";
				LD_RUNPATH_SEARCH_PATHS = (
					"$(inherited)",
					"@executable_path/Frameworks",
				);
				MARKETING_VERSION = 1.0;
				PRODUCT_BUNDLE_IDENTIFIER = EbrarEtiz.scrum;
				PRODUCT_NAME = "$(TARGET_NAME)";
				SWIFT_EMIT_LOC_STRINGS = YES;
				SWIFT_VERSION = 5.0;
				TARGETED_DEVICE_FAMILY = "1,2";
			};
			name = Debug;
		};
		E4FFF2542A26518700EDC599 /* Release */ = {
			isa = XCBuildConfiguration;
			baseConfigurationReference = 287445A4EFE64E0D638926C8 /* Pods-scrum.release.xcconfig */;
			buildSettings = {
				ASSETCATALOG_COMPILER_APPICON_NAME = AppIcon;
				ASSETCATALOG_COMPILER_GLOBAL_ACCENT_COLOR_NAME = AccentColor;
				CODE_SIGN_STYLE = Automatic;
				CURRENT_PROJECT_VERSION = 1;
				DEVELOPMENT_TEAM = 23766BZUS5;
				GENERATE_INFOPLIST_FILE = YES;
				INFOPLIST_FILE = scrum/Info.plist;
				INFOPLIST_KEY_UIApplicationSupportsIndirectInputEvents = YES;
				INFOPLIST_KEY_UILaunchStoryboardName = LaunchScreen;
				INFOPLIST_KEY_UIMainStoryboardFile = Main;
				INFOPLIST_KEY_UISupportedInterfaceOrientations_iPad = "UIInterfaceOrientationPortrait UIInterfaceOrientationPortraitUpsideDown UIInterfaceOrientationLandscapeLeft UIInterfaceOrientationLandscapeRight";
				INFOPLIST_KEY_UISupportedInterfaceOrientations_iPhone = "UIInterfaceOrientationPortrait UIInterfaceOrientationLandscapeLeft UIInterfaceOrientationLandscapeRight";
				LD_RUNPATH_SEARCH_PATHS = (
					"$(inherited)",
					"@executable_path/Frameworks",
				);
				MARKETING_VERSION = 1.0;
				PRODUCT_BUNDLE_IDENTIFIER = EbrarEtiz.scrum;
				PRODUCT_NAME = "$(TARGET_NAME)";
				SWIFT_EMIT_LOC_STRINGS = YES;
				SWIFT_VERSION = 5.0;
				TARGETED_DEVICE_FAMILY = "1,2";
			};
			name = Release;
		};
/* End XCBuildConfiguration section */

/* Begin XCConfigurationList section */
		E4FFF2392A26518500EDC599 /* Build configuration list for PBXProject "scrum" */ = {
			isa = XCConfigurationList;
			buildConfigurations = (
				E4FFF2502A26518700EDC599 /* Debug */,
				E4FFF2512A26518700EDC599 /* Release */,
			);
			defaultConfigurationIsVisible = 0;
			defaultConfigurationName = Release;
		};
		E4FFF2522A26518700EDC599 /* Build configuration list for PBXNativeTarget "scrum" */ = {
			isa = XCConfigurationList;
			buildConfigurations = (
				E4FFF2532A26518700EDC599 /* Debug */,
				E4FFF2542A26518700EDC599 /* Release */,
			);
			defaultConfigurationIsVisible = 0;
			defaultConfigurationName = Release;
		};
/* End XCConfigurationList section */
	};
	rootObject = E4FFF2362A26518500EDC599 /* Project object */;
}
